// !$*UTF8*$!
{
	archiveVersion = 1;
	classes = {
	};
	objectVersion = 55;
	objects = {

/* Begin PBXBuildFile section */
		892DBC3E29E57DEA00D305D2 /* AppDelegate.swift in Sources */ = {isa = PBXBuildFile; fileRef = 892DBC3D29E57DEA00D305D2 /* AppDelegate.swift */; };
		892DBC4029E57DEA00D305D2 /* SceneDelegate.swift in Sources */ = {isa = PBXBuildFile; fileRef = 892DBC3F29E57DEA00D305D2 /* SceneDelegate.swift */; };
		892DBC4229E57DEA00D305D2 /* ViewController.swift in Sources */ = {isa = PBXBuildFile; fileRef = 892DBC4129E57DEA00D305D2 /* ViewController.swift */; };
		892DBC4529E57DEA00D305D2 /* Main.storyboard in Resources */ = {isa = PBXBuildFile; fileRef = 892DBC4329E57DEA00D305D2 /* Main.storyboard */; };
		892DBC4729E57DEF00D305D2 /* Assets.xcassets in Resources */ = {isa = PBXBuildFile; fileRef = 892DBC4629E57DEF00D305D2 /* Assets.xcassets */; };
		892DBC4A29E57DEF00D305D2 /* LaunchScreen.storyboard in Resources */ = {isa = PBXBuildFile; fileRef = 892DBC4829E57DEF00D305D2 /* LaunchScreen.storyboard */; };
		892DBC5229E5864000D305D2 /* GoogleService-Info.plist in Resources */ = {isa = PBXBuildFile; fileRef = 892DBC5129E5864000D305D2 /* GoogleService-Info.plist */; };
		A23E6834D446F092907A99C0 /* Pods_ios_simple_remoteconfig_firebase.framework in Frameworks */ = {isa = PBXBuildFile; fileRef = 26F87D2E1A177CB9E53F29B7 /* Pods_ios_simple_remoteconfig_firebase.framework */; };
/* End PBXBuildFile section */

/* Begin PBXFileReference section */
		26F87D2E1A177CB9E53F29B7 /* Pods_ios_simple_remoteconfig_firebase.framework */ = {isa = PBXFileReference; explicitFileType = wrapper.framework; includeInIndex = 0; path = Pods_ios_simple_remoteconfig_firebase.framework; sourceTree = BUILT_PRODUCTS_DIR; };
		3C23CE7540C8705AE1AACBB5 /* Pods-ios-simple-remoteconfig-firebase.release.xcconfig */ = {isa = PBXFileReference; includeInIndex = 1; lastKnownFileType = text.xcconfig; name = "Pods-ios-simple-remoteconfig-firebase.release.xcconfig"; path = "Target Support Files/Pods-ios-simple-remoteconfig-firebase/Pods-ios-simple-remoteconfig-firebase.release.xcconfig"; sourceTree = "<group>"; };
		892DBC3A29E57DEA00D305D2 /* ios-simple-remoteconfig-firebase.app */ = {isa = PBXFileReference; explicitFileType = wrapper.application; includeInIndex = 0; path = "ios-simple-remoteconfig-firebase.app"; sourceTree = BUILT_PRODUCTS_DIR; };
		892DBC3D29E57DEA00D305D2 /* AppDelegate.swift */ = {isa = PBXFileReference; lastKnownFileType = sourcecode.swift; path = AppDelegate.swift; sourceTree = "<group>"; };
		892DBC3F29E57DEA00D305D2 /* SceneDelegate.swift */ = {isa = PBXFileReference; lastKnownFileType = sourcecode.swift; path = SceneDelegate.swift; sourceTree = "<group>"; };
		892DBC4129E57DEA00D305D2 /* ViewController.swift */ = {isa = PBXFileReference; lastKnownFileType = sourcecode.swift; path = ViewController.swift; sourceTree = "<group>"; };
		892DBC4429E57DEA00D305D2 /* Base */ = {isa = PBXFileReference; lastKnownFileType = file.storyboard; name = Base; path = Base.lproj/Main.storyboard; sourceTree = "<group>"; };
		892DBC4629E57DEF00D305D2 /* Assets.xcassets */ = {isa = PBXFileReference; lastKnownFileType = folder.assetcatalog; path = Assets.xcassets; sourceTree = "<group>"; };
		892DBC4929E57DEF00D305D2 /* Base */ = {isa = PBXFileReference; lastKnownFileType = file.storyboard; name = Base; path = Base.lproj/LaunchScreen.storyboard; sourceTree = "<group>"; };
		892DBC4B29E57DEF00D305D2 /* Info.plist */ = {isa = PBXFileReference; lastKnownFileType = text.plist.xml; path = Info.plist; sourceTree = "<group>"; };
		892DBC5129E5864000D305D2 /* GoogleService-Info.plist */ = {isa = PBXFileReference; fileEncoding = 4; lastKnownFileType = text.plist.xml; path = "GoogleService-Info.plist"; sourceTree = "<group>"; };
		BEF3171710E7B82BF9560F94 /* Pods-ios-simple-remoteconfig-firebase.debug.xcconfig */ = {isa = PBXFileReference; includeInIndex = 1; lastKnownFileType = text.xcconfig; name = "Pods-ios-simple-remoteconfig-firebase.debug.xcconfig"; path = "Target Support Files/Pods-ios-simple-remoteconfig-firebase/Pods-ios-simple-remoteconfig-firebase.debug.xcconfig"; sourceTree = "<group>"; };
/* End PBXFileReference section */

/* Begin PBXFrameworksBuildPhase section */
		892DBC3729E57DEA00D305D2 /* Frameworks */ = {
			isa = PBXFrameworksBuildPhase;
			buildActionMask = 2147483647;
			files = (
				A23E6834D446F092907A99C0 /* Pods_ios_simple_remoteconfig_firebase.framework in Frameworks */,
			);
			runOnlyForDeploymentPostprocessing = 0;
		};
/* End PBXFrameworksBuildPhase section */

/* Begin PBXGroup section */
		892DBC3129E57DEA00D305D2 = {
			isa = PBXGroup;
			children = (
				892DBC3C29E57DEA00D305D2 /* ios-simple-remoteconfig-firebase */,
				892DBC3B29E57DEA00D305D2 /* Products */,
				E28F2C9B5B979DE2A444885D /* Pods */,
				B31851ABA5D58AFFD31494DC /* Frameworks */,
			);
			sourceTree = "<group>";
		};
		892DBC3B29E57DEA00D305D2 /* Products */ = {
			isa = PBXGroup;
			children = (
				892DBC3A29E57DEA00D305D2 /* ios-simple-remoteconfig-firebase.app */,
			);
			name = Products;
			sourceTree = "<group>";
		};
		892DBC3C29E57DEA00D305D2 /* ios-simple-remoteconfig-firebase */ = {
			isa = PBXGroup;
			children = (
				892DBC3D29E57DEA00D305D2 /* AppDelegate.swift */,
				892DBC3F29E57DEA00D305D2 /* SceneDelegate.swift */,
				892DBC4129E57DEA00D305D2 /* ViewController.swift */,
				892DBC4329E57DEA00D305D2 /* Main.storyboard */,
				892DBC4629E57DEF00D305D2 /* Assets.xcassets */,
				892DBC4829E57DEF00D305D2 /* LaunchScreen.storyboard */,
				892DBC4B29E57DEF00D305D2 /* Info.plist */,
				892DBC5129E5864000D305D2 /* GoogleService-Info.plist */,
			);
			path = "ios-simple-remoteconfig-firebase";
			sourceTree = "<group>";
		};
		B31851ABA5D58AFFD31494DC /* Frameworks */ = {
			isa = PBXGroup;
			children = (
				26F87D2E1A177CB9E53F29B7 /* Pods_ios_simple_remoteconfig_firebase.framework */,
			);
			name = Frameworks;
			sourceTree = "<group>";
		};
		E28F2C9B5B979DE2A444885D /* Pods */ = {
			isa = PBXGroup;
			children = (
				BEF3171710E7B82BF9560F94 /* Pods-ios-simple-remoteconfig-firebase.debug.xcconfig */,
				3C23CE7540C8705AE1AACBB5 /* Pods-ios-simple-remoteconfig-firebase.release.xcconfig */,
			);
			path = Pods;
			sourceTree = "<group>";
		};
/* End PBXGroup section */

/* Begin PBXNativeTarget section */
		892DBC3929E57DEA00D305D2 /* ios-simple-remoteconfig-firebase */ = {
			isa = PBXNativeTarget;
			buildConfigurationList = 892DBC4E29E57DEF00D305D2 /* Build configuration list for PBXNativeTarget "ios-simple-remoteconfig-firebase" */;
			buildPhases = (
				4D93FA15CB1360EDD3532330 /* [CP] Check Pods Manifest.lock */,
				892DBC3629E57DEA00D305D2 /* Sources */,
				892DBC3729E57DEA00D305D2 /* Frameworks */,
				892DBC3829E57DEA00D305D2 /* Resources */,
				0E832BBD20081C52ACCB7045 /* [CP] Embed Pods Frameworks */,
			);
			buildRules = (
			);
			dependencies = (
			);
			name = "ios-simple-remoteconfig-firebase";
			productName = "ios-simple-remoteconfig-firebase";
			productReference = 892DBC3A29E57DEA00D305D2 /* ios-simple-remoteconfig-firebase.app */;
			productType = "com.apple.product-type.application";
		};
/* End PBXNativeTarget section */

/* Begin PBXProject section */
		892DBC3229E57DEA00D305D2 /* Project object */ = {
			isa = PBXProject;
			attributes = {
				BuildIndependentTargetsInParallel = 1;
				LastSwiftUpdateCheck = 1420;
				LastUpgradeCheck = 1420;
				TargetAttributes = {
					892DBC3929E57DEA00D305D2 = {
						CreatedOnToolsVersion = 14.2;
					};
				};
			};
			buildConfigurationList = 892DBC3529E57DEA00D305D2 /* Build configuration list for PBXProject "ios-simple-remoteconfig-firebase" */;
			compatibilityVersion = "Xcode 13.0";
			developmentRegion = en;
			hasScannedForEncodings = 0;
			knownRegions = (
				en,
				Base,
			);
			mainGroup = 892DBC3129E57DEA00D305D2;
			productRefGroup = 892DBC3B29E57DEA00D305D2 /* Products */;
			projectDirPath = "";
			projectRoot = "";
			targets = (
				892DBC3929E57DEA00D305D2 /* ios-simple-remoteconfig-firebase */,
			);
		};
/* End PBXProject section */

/* Begin PBXResourcesBuildPhase section */
		892DBC3829E57DEA00D305D2 /* Resources */ = {
			isa = PBXResourcesBuildPhase;
			buildActionMask = 2147483647;
			files = (
				892DBC4A29E57DEF00D305D2 /* LaunchScreen.storyboard in Resources */,
				892DBC5229E5864000D305D2 /* GoogleService-Info.plist in Resources */,
				892DBC4729E57DEF00D305D2 /* Assets.xcassets in Resources */,
				892DBC4529E57DEA00D305D2 /* Main.storyboard in Resources */,
			);
			runOnlyForDeploymentPostprocessing = 0;
		};
/* End PBXResourcesBuildPhase section */

/* Begin PBXShellScriptBuildPhase section */
		0E832BBD20081C52ACCB7045 /* [CP] Embed Pods Frameworks */ = {
			isa = PBXShellScriptBuildPhase;
			buildActionMask = 2147483647;
			files = (
			);
			inputFileListPaths = (
				"${PODS_ROOT}/Target Support Files/Pods-ios-simple-remoteconfig-firebase/Pods-ios-simple-remoteconfig-firebase-frameworks-${CONFIGURATION}-input-files.xcfilelist",
			);
			name = "[CP] Embed Pods Frameworks";
			outputFileListPaths = (
				"${PODS_ROOT}/Target Support Files/Pods-ios-simple-remoteconfig-firebase/Pods-ios-simple-remoteconfig-firebase-frameworks-${CONFIGURATION}-output-files.xcfilelist",
			);
			runOnlyForDeploymentPostprocessing = 0;
			shellPath = /bin/sh;
			shellScript = "\"${PODS_ROOT}/Target Support Files/Pods-ios-simple-remoteconfig-firebase/Pods-ios-simple-remoteconfig-firebase-frameworks.sh\"\n";
			showEnvVarsInLog = 0;
		};
		4D93FA15CB1360EDD3532330 /* [CP] Check Pods Manifest.lock */ = {
			isa = PBXShellScriptBuildPhase;
			buildActionMask = 2147483647;
			files = (
			);
			inputFileListPaths = (
			);
			inputPaths = (
				"${PODS_PODFILE_DIR_PATH}/Podfile.lock",
				"${PODS_ROOT}/Manifest.lock",
			);
			name = "[CP] Check Pods Manifest.lock";
			outputFileListPaths = (
			);
			outputPaths = (
				"$(DERIVED_FILE_DIR)/Pods-ios-simple-remoteconfig-firebase-checkManifestLockResult.txt",
			);
			runOnlyForDeploymentPostprocessing = 0;
			shellPath = /bin/sh;
			shellScript = "diff \"${PODS_PODFILE_DIR_PATH}/Podfile.lock\" \"${PODS_ROOT}/Manifest.lock\" > /dev/null\nif [ $? != 0 ] ; then\n    # print error to STDERR\n    echo \"error: The sandbox is not in sync with the Podfile.lock. Run 'pod install' or update your CocoaPods installation.\" >&2\n    exit 1\nfi\n# This output is used by Xcode 'outputs' to avoid re-running this script phase.\necho \"SUCCESS\" > \"${SCRIPT_OUTPUT_FILE_0}\"\n";
			showEnvVarsInLog = 0;
		};
/* End PBXShellScriptBuildPhase section */

/* Begin PBXSourcesBuildPhase section */
		892DBC3629E57DEA00D305D2 /* Sources */ = {
			isa = PBXSourcesBuildPhase;
			buildActionMask = 2147483647;
			files = (
				892DBC4229E57DEA00D305D2 /* ViewController.swift in Sources */,
				892DBC3E29E57DEA00D305D2 /* AppDelegate.swift in Sources */,
				892DBC4029E57DEA00D305D2 /* SceneDelegate.swift in Sources */,
			);
			runOnlyForDeploymentPostprocessing = 0;
		};
/* End PBXSourcesBuildPhase section */

/* Begin PBXVariantGroup section */
		892DBC4329E57DEA00D305D2 /* Main.storyboard */ = {
			isa = PBXVariantGroup;
			children = (
				892DBC4429E57DEA00D305D2 /* Base */,
			);
			name = Main.storyboard;
			sourceTree = "<group>";
		};
		892DBC4829E57DEF00D305D2 /* LaunchScreen.storyboard */ = {
			isa = PBXVariantGroup;
			children = (
				892DBC4929E57DEF00D305D2 /* Base */,
			);
			name = LaunchScreen.storyboard;
			sourceTree = "<group>";
		};
/* End PBXVariantGroup section */

/* Begin XCBuildConfiguration section */
		892DBC4C29E57DEF00D305D2 /* Debug */ = {
			isa = XCBuildConfiguration;
			buildSettings = {
				ALWAYS_SEARCH_USER_PATHS = NO;
				CLANG_ANALYZER_NONNULL = YES;
				CLANG_ANALYZER_NUMBER_OBJECT_CONVERSION = YES_AGGRESSIVE;
				CLANG_CXX_LANGUAGE_STANDARD = "gnu++20";
				CLANG_ENABLE_MODULES = YES;
				CLANG_ENABLE_OBJC_ARC = YES;
				CLANG_ENABLE_OBJC_WEAK = YES;
				CLANG_WARN_BLOCK_CAPTURE_AUTORELEASING = YES;
				CLANG_WARN_BOOL_CONVERSION = YES;
				CLANG_WARN_COMMA = YES;
				CLANG_WARN_CONSTANT_CONVERSION = YES;
				CLANG_WARN_DEPRECATED_OBJC_IMPLEMENTATIONS = YES;
				CLANG_WARN_DIRECT_OBJC_ISA_USAGE = YES_ERROR;
				CLANG_WARN_DOCUMENTATION_COMMENTS = YES;
				CLANG_WARN_EMPTY_BODY = YES;
				CLANG_WARN_ENUM_CONVERSION = YES;
				CLANG_WARN_INFINITE_RECURSION = YES;
				CLANG_WARN_INT_CONVERSION = YES;
				CLANG_WARN_NON_LITERAL_NULL_CONVERSION = YES;
				CLANG_WARN_OBJC_IMPLICIT_RETAIN_SELF = YES;
				CLANG_WARN_OBJC_LITERAL_CONVERSION = YES;
				CLANG_WARN_OBJC_ROOT_CLASS = YES_ERROR;
				CLANG_WARN_QUOTED_INCLUDE_IN_FRAMEWORK_HEADER = YES;
				CLANG_WARN_RANGE_LOOP_ANALYSIS = YES;
				CLANG_WARN_STRICT_PROTOTYPES = YES;
				CLANG_WARN_SUSPICIOUS_MOVE = YES;
				CLANG_WARN_UNGUARDED_AVAILABILITY = YES_AGGRESSIVE;
				CLANG_WARN_UNREACHABLE_CODE = YES;
				CLANG_WARN__DUPLICATE_METHOD_MATCH = YES;
				COPY_PHASE_STRIP = NO;
				DEBUG_INFORMATION_FORMAT = dwarf;
				ENABLE_STRICT_OBJC_MSGSEND = YES;
				ENABLE_TESTABILITY = YES;
				GCC_C_LANGUAGE_STANDARD = gnu11;
				GCC_DYNAMIC_NO_PIC = NO;
				GCC_NO_COMMON_BLOCKS = YES;
				GCC_OPTIMIZATION_LEVEL = 0;
				GCC_PREPROCESSOR_DEFINITIONS = (
					"DEBUG=1",
					"$(inherited)",
				);
				GCC_WARN_64_TO_32_BIT_CONVERSION = YES;
				GCC_WARN_ABOUT_RETURN_TYPE = YES_ERROR;
				GCC_WARN_UNDECLARED_SELECTOR = YES;
				GCC_WARN_UNINITIALIZED_AUTOS = YES_AGGRESSIVE;
				GCC_WARN_UNUSED_FUNCTION = YES;
				GCC_WARN_UNUSED_VARIABLE = YES;
				IPHONEOS_DEPLOYMENT_TARGET = 16.2;
				MTL_ENABLE_DEBUG_INFO = INCLUDE_SOURCE;
				MTL_FAST_MATH = YES;
				ONLY_ACTIVE_ARCH = YES;
				SDKROOT = iphoneos;
				SWIFT_ACTIVE_COMPILATION_CONDITIONS = DEBUG;
				SWIFT_OPTIMIZATION_LEVEL = "-Onone";
			};
			name = Debug;
		};
		892DBC4D29E57DEF00D305D2 /* Release */ = {
			isa = XCBuildConfiguration;
			buildSettings = {
				ALWAYS_SEARCH_USER_PATHS = NO;
				CLANG_ANALYZER_NONNULL = YES;
				CLANG_ANALYZER_NUMBER_OBJECT_CONVERSION = YES_AGGRESSIVE;
				CLANG_CXX_LANGUAGE_STANDARD = "gnu++20";
				CLANG_ENABLE_MODULES = YES;
				CLANG_ENABLE_OBJC_ARC = YES;
				CLANG_ENABLE_OBJC_WEAK = YES;
				CLANG_WARN_BLOCK_CAPTURE_AUTORELEASING = YES;
				CLANG_WARN_BOOL_CONVERSION = YES;
				CLANG_WARN_COMMA = YES;
				CLANG_WARN_CONSTANT_CONVERSION = YES;
				CLANG_WARN_DEPRECATED_OBJC_IMPLEMENTATIONS = YES;
				CLANG_WARN_DIRECT_OBJC_ISA_USAGE = YES_ERROR;
				CLANG_WARN_DOCUMENTATION_COMMENTS = YES;
				CLANG_WARN_EMPTY_BODY = YES;
				CLANG_WARN_ENUM_CONVERSION = YES;
				CLANG_WARN_INFINITE_RECURSION = YES;
				CLANG_WARN_INT_CONVERSION = YES;
				CLANG_WARN_NON_LITERAL_NULL_CONVERSION = YES;
				CLANG_WARN_OBJC_IMPLICIT_RETAIN_SELF = YES;
				CLANG_WARN_OBJC_LITERAL_CONVERSION = YES;
				CLANG_WARN_OBJC_ROOT_CLASS = YES_ERROR;
				CLANG_WARN_QUOTED_INCLUDE_IN_FRAMEWORK_HEADER = YES;
				CLANG_WARN_RANGE_LOOP_ANALYSIS = YES;
				CLANG_WARN_STRICT_PROTOTYPES = YES;
				CLANG_WARN_SUSPICIOUS_MOVE = YES;
				CLANG_WARN_UNGUARDED_AVAILABILITY = YES_AGGRESSIVE;
				CLANG_WARN_UNREACHABLE_CODE = YES;
				CLANG_WARN__DUPLICATE_METHOD_MATCH = YES;
				COPY_PHASE_STRIP = NO;
				DEBUG_INFORMATION_FORMAT = "dwarf-with-dsym";
				ENABLE_NS_ASSERTIONS = NO;
				ENABLE_STRICT_OBJC_MSGSEND = YES;
				GCC_C_LANGUAGE_STANDARD = gnu11;
				GCC_NO_COMMON_BLOCKS = YES;
				GCC_WARN_64_TO_32_BIT_CONVERSION = YES;
				GCC_WARN_ABOUT_RETURN_TYPE = YES_ERROR;
				GCC_WARN_UNDECLARED_SELECTOR = YES;
				GCC_WARN_UNINITIALIZED_AUTOS = YES_AGGRESSIVE;
				GCC_WARN_UNUSED_FUNCTION = YES;
				GCC_WARN_UNUSED_VARIABLE = YES;
				IPHONEOS_DEPLOYMENT_TARGET = 16.2;
				MTL_ENABLE_DEBUG_INFO = NO;
				MTL_FAST_MATH = YES;
				SDKROOT = iphoneos;
				SWIFT_COMPILATION_MODE = wholemodule;
				SWIFT_OPTIMIZATION_LEVEL = "-O";
				VALIDATE_PRODUCT = YES;
			};
			name = Release;
		};
		892DBC4F29E57DEF00D305D2 /* Debug */ = {
			isa = XCBuildConfiguration;
			baseConfigurationReference = BEF3171710E7B82BF9560F94 /* Pods-ios-simple-remoteconfig-firebase.debug.xcconfig */;
			buildSettings = {
				ASSETCATALOG_COMPILER_APPICON_NAME = AppIcon;
				ASSETCATALOG_COMPILER_GLOBAL_ACCENT_COLOR_NAME = AccentColor;
				CODE_SIGN_STYLE = Automatic;
				CURRENT_PROJECT_VERSION = 1;
				DEVELOPMENT_TEAM = CWWB8679GU;
				GENERATE_INFOPLIST_FILE = YES;
				INFOPLIST_FILE = "ios-simple-remoteconfig-firebase/Info.plist";
				INFOPLIST_KEY_UIApplicationSupportsIndirectInputEvents = YES;
				INFOPLIST_KEY_UILaunchStoryboardName = LaunchScreen;
				INFOPLIST_KEY_UIMainStoryboardFile = Main;
				INFOPLIST_KEY_UISupportedInterfaceOrientations_iPad = "UIInterfaceOrientationPortrait UIInterfaceOrientationPortraitUpsideDown UIInterfaceOrientationLandscapeLeft UIInterfaceOrientationLandscapeRight";
				INFOPLIST_KEY_UISupportedInterfaceOrientations_iPhone = "UIInterfaceOrientationPortrait UIInterfaceOrientationLandscapeLeft UIInterfaceOrientationLandscapeRight";
				LD_RUNPATH_SEARCH_PATHS = (
					"$(inherited)",
					"@executable_path/Frameworks",
				);
				MARKETING_VERSION = 1.0;
				PRODUCT_BUNDLE_IDENTIFIER = "com.angelcomp.ios-simple-remoteconfig-firebase";
				PRODUCT_NAME = "$(TARGET_NAME)";
				SWIFT_EMIT_LOC_STRINGS = YES;
				SWIFT_VERSION = 5.0;
				TARGETED_DEVICE_FAMILY = "1,2";
			};
			name = Debug;
		};
		892DBC5029E57DEF00D305D2 /* Release */ = {
			isa = XCBuildConfiguration;
			baseConfigurationReference = 3C23CE7540C8705AE1AACBB5 /* Pods-ios-simple-remoteconfig-firebase.release.xcconfig */;
			buildSettings = {
				ASSETCATALOG_COMPILER_APPICON_NAME = AppIcon;
				ASSETCATALOG_COMPILER_GLOBAL_ACCENT_COLOR_NAME = AccentColor;
				CODE_SIGN_STYLE = Automatic;
				CURRENT_PROJECT_VERSION = 1;
				DEVELOPMENT_TEAM = CWWB8679GU;
				GENERATE_INFOPLIST_FILE = YES;
				INFOPLIST_FILE = "ios-simple-remoteconfig-firebase/Info.plist";
				INFOPLIST_KEY_UIApplicationSupportsIndirectInputEvents = YES;
				INFOPLIST_KEY_UILaunchStoryboardName = LaunchScreen;
				INFOPLIST_KEY_UIMainStoryboardFile = Main;
				INFOPLIST_KEY_UISupportedInterfaceOrientations_iPad = "UIInterfaceOrientationPortrait UIInterfaceOrientationPortraitUpsideDown UIInterfaceOrientationLandscapeLeft UIInterfaceOrientationLandscapeRight";
				INFOPLIST_KEY_UISupportedInterfaceOrientations_iPhone = "UIInterfaceOrientationPortrait UIInterfaceOrientationLandscapeLeft UIInterfaceOrientationLandscapeRight";
				LD_RUNPATH_SEARCH_PATHS = (
					"$(inherited)",
					"@executable_path/Frameworks",
				);
				MARKETING_VERSION = 1.0;
				PRODUCT_BUNDLE_IDENTIFIER = "com.angelcomp.ios-simple-remoteconfig-firebase";
				PRODUCT_NAME = "$(TARGET_NAME)";
				SWIFT_EMIT_LOC_STRINGS = YES;
				SWIFT_VERSION = 5.0;
				TARGETED_DEVICE_FAMILY = "1,2";
			};
			name = Release;
		};
/* End XCBuildConfiguration section */

/* Begin XCConfigurationList section */
		892DBC3529E57DEA00D305D2 /* Build configuration list for PBXProject "ios-simple-remoteconfig-firebase" */ = {
			isa = XCConfigurationList;
			buildConfigurations = (
				892DBC4C29E57DEF00D305D2 /* Debug */,
				892DBC4D29E57DEF00D305D2 /* Release */,
			);
			defaultConfigurationIsVisible = 0;
			defaultConfigurationName = Release;
		};
		892DBC4E29E57DEF00D305D2 /* Build configuration list for PBXNativeTarget "ios-simple-remoteconfig-firebase" */ = {
			isa = XCConfigurationList;
			buildConfigurations = (
				892DBC4F29E57DEF00D305D2 /* Debug */,
				892DBC5029E57DEF00D305D2 /* Release */,
			);
			defaultConfigurationIsVisible = 0;
			defaultConfigurationName = Release;
		};
/* End XCConfigurationList section */
	};
	rootObject = 892DBC3229E57DEA00D305D2 /* Project object */;
}
